
Microsoft Visual Studio Solution File, Format Version 12.00
# Visual Studio Version 17
VisualStudioVersion = 17.11.35327.3
MinimumVisualStudioVersion = 10.0.40219.1
Project("{FAE04EC0-301F-11D3-BF4B-00C04F79EFBC}") = "WebApplication1", "WebApplication1\WebApplication1.csproj", "{B1395A01-6F82-490D-92FD-59EC3DAFED86}"
EndProject
Global
	GlobalSection(SolutionConfigurationPlatforms) = preSolution
		Debug|Any CPU = Debug|Any CPU
		Release|Any CPU = Release|Any CPU
	EndGlobalSection
	GlobalSection(ProjectConfigurationPlatforms) = postSolution
		{B1395A01-6F82-490D-92FD-59EC3DAFED86}.Debug|Any CPU.ActiveCfg = Debug|Any CPU
		{B1395A01-6F82-490D-92FD-59EC3DAFED86}.Debug|Any CPU.Build.0 = Debug|Any CPU
		{B1395A01-6F82-490D-92FD-59EC3DAFED86}.Release|Any CPU.ActiveCfg = Release|Any CPU
		{B1395A01-6F82-490D-92FD-59EC3DAFED86}.Release|Any CPU.Build.0 = Release|Any CPU
	EndGlobalSection
	GlobalSection(SolutionProperties) = preSolution
		HideSolutionNode = FALSE
	EndGlobalSection
	GlobalSection(ExtensibilityGlobals) = postSolution
		SolutionGuid = {555AD6C3-0928-4757-AC2F-5C4943ECACA5}
	EndGlobalSection
EndGlobal
